{
  "name": "@wave-dev/plugins",
  "version": "1.0.0",
  "lockfileVersion": 3,
  "requires": true,
  "packages": {
    "": {
      "name": "@wave-dev/plugins",
      "version": "1.0.0",
      "license": "Apache-2.0",
      "dependencies": {
        "@discordjs/collection": "^1.5.1"
      },
      "devDependencies": {
        "@types/node": "^20.4.1",
        "typescript": "^5.0.4"
      }
    },
    "node_modules/@discordjs/collection": {
      "version": "1.5.1",
      "license": "Apache-2.0",
      "engines": {
        "node": ">=16.9.0"
      }
    },
    "node_modules/@types/node": {
      "version": "20.4.1",
      "resolved": "https://registry.npmjs.org/@types/node/-/node-20.4.1.tgz",
      "integrity": "sha512-JIzsAvJeA/5iY6Y/OxZbv1lUcc8dNSE77lb2gnBH+/PJ3lFR1Ccvgwl5JWnHAkNHcRsT0TbpVOsiMKZ1F/yyJg==",
      "dev": true
    },
    "node_modules/typescript": {
      "version": "5.0.4",
      "dev": true,
      "license": "Apache-2.0",
      "bin": {
        "tsc": "bin/tsc",
        "tsserver": "bin/tsserver"
      },
      "engines": {
        "node": ">=12.20"
      }
    }
  }
}
